# This file is automatically @generated by Cargo.
# It is not intended for manual editing.
version = 4

[[package]]
name = "clustine"
version = "0.0.0"

[[package]]
name = "clustine-botswarm"
version = "0.0.0"

[[package]]
name = "clustine-coordinator"
version = "0.0.0"

[[package]]
name = "clustine-data"
version = "0.0.0"

[[package]]
name = "clustine-edge"
version = "0.0.0"

[[package]]
name = "clustine-format"
version = "0.0.0"

[[package]]
name = "clustine-operator"
version = "0.0.0"

[[package]]
name = "clustine-playerdata"
version = "0.0.0"

[[package]]
name = "clustine-protocol"
version = "0.0.0"

[[package]]
name = "clustine-region"
version = "0.0.0"

[[package]]
name = "clustine-rpc"
version = "0.0.0"

[[package]]
name = "clustine-sim"
version = "0.0.0"

[[package]]
name = "clustine-worker"
version = "0.0.0"

[[package]]
name = "clustine-world"
version = "0.0.0"

[[package]]
name = "clustine-worldgen"
version = "0.0.0"

[[package]]
name = "clustine-worldstore"
version = "0.0.0"
